// !$*UTF8*$!
{
	archiveVersion = 1;
	classes = {
	};
	objectVersion = 46;
	objects = {

/* Begin PBXBuildFile section */
		D6705D8A1B17AFA500A929F4 /* AppDelegate.swift in Sources */ = {isa = PBXBuildFile; fileRef = D6705D891B17AFA500A929F4 /* AppDelegate.swift */; };
		D6705D8C1B17AFA500A929F4 /* ViewController.swift in Sources */ = {isa = PBXBuildFile; fileRef = D6705D8B1B17AFA500A929F4 /* ViewController.swift */; };
		D6705D8F1B17AFA500A929F4 /* Main.storyboard in Resources */ = {isa = PBXBuildFile; fileRef = D6705D8D1B17AFA500A929F4 /* Main.storyboard */; };
		D6705D911B17AFA500A929F4 /* Images.xcassets in Resources */ = {isa = PBXBuildFile; fileRef = D6705D901B17AFA500A929F4 /* Images.xcassets */; };
		D6705D941B17AFA500A929F4 /* LaunchScreen.xib in Resources */ = {isa = PBXBuildFile; fileRef = D6705D921B17AFA500A929F4 /* LaunchScreen.xib */; };
		D6705DA01B17AFA500A929F4 /* TimerPeriTests.swift in Sources */ = {isa = PBXBuildFile; fileRef = D6705D9F1B17AFA500A929F4 /* TimerPeriTests.swift */; };
		D6705DAA1B17B03400A929F4 /* BluetoothManager.swift in Sources */ = {isa = PBXBuildFile; fileRef = D6705DA91B17B03400A929F4 /* BluetoothManager.swift */; };
		D6705DAC1B17B08100A929F4 /* Logger.swift in Sources */ = {isa = PBXBuildFile; fileRef = D6705DAB1B17B08100A929F4 /* Logger.swift */; };
/* End PBXBuildFile section */

/* Begin PBXContainerItemProxy section */
		D6705D9A1B17AFA500A929F4 /* PBXContainerItemProxy */ = {
			isa = PBXContainerItemProxy;
			containerPortal = D6705D7C1B17AFA500A929F4 /* Project object */;
			proxyType = 1;
			remoteGlobalIDString = D6705D831B17AFA500A929F4;
			remoteInfo = TimerPeri;
		};
/* End PBXContainerItemProxy section */

/* Begin PBXFileReference section */
		D6705D841B17AFA500A929F4 /* TimerPeri.app */ = {isa = PBXFileReference; explicitFileType = wrapper.application; includeInIndex = 0; path = TimerPeri.app; sourceTree = BUILT_PRODUCTS_DIR; };
		D6705D881B17AFA500A929F4 /* Info.plist */ = {isa = PBXFileReference; lastKnownFileType = text.plist.xml; path = Info.plist; sourceTree = "<group>"; };
		D6705D891B17AFA500A929F4 /* AppDelegate.swift */ = {isa = PBXFileReference; lastKnownFileType = sourcecode.swift; path = AppDelegate.swift; sourceTree = "<group>"; };
		D6705D8B1B17AFA500A929F4 /* ViewController.swift */ = {isa = PBXFileReference; lastKnownFileType = sourcecode.swift; path = ViewController.swift; sourceTree = "<group>"; };
		D6705D8E1B17AFA500A929F4 /* Base */ = {isa = PBXFileReference; lastKnownFileType = file.storyboard; name = Base; path = Base.lproj/Main.storyboard; sourceTree = "<group>"; };
		D6705D901B17AFA500A929F4 /* Images.xcassets */ = {isa = PBXFileReference; lastKnownFileType = folder.assetcatalog; path = Images.xcassets; sourceTree = "<group>"; };
		D6705D931B17AFA500A929F4 /* Base */ = {isa = PBXFileReference; lastKnownFileType = file.xib; name = Base; path = Base.lproj/LaunchScreen.xib; sourceTree = "<group>"; };
		D6705D991B17AFA500A929F4 /* TimerPeriTests.xctest */ = {isa = PBXFileReference; explicitFileType = wrapper.cfbundle; includeInIndex = 0; path = TimerPeriTests.xctest; sourceTree = BUILT_PRODUCTS_DIR; };
		D6705D9E1B17AFA500A929F4 /* Info.plist */ = {isa = PBXFileReference; lastKnownFileType = text.plist.xml; path = Info.plist; sourceTree = "<group>"; };
		D6705D9F1B17AFA500A929F4 /* TimerPeriTests.swift */ = {isa = PBXFileReference; lastKnownFileType = sourcecode.swift; path = TimerPeriTests.swift; sourceTree = "<group>"; };
		D6705DA91B17B03400A929F4 /* BluetoothManager.swift */ = {isa = PBXFileReference; fileEncoding = 4; lastKnownFileType = sourcecode.swift; path = BluetoothManager.swift; sourceTree = "<group>"; };
		D6705DAB1B17B08100A929F4 /* Logger.swift */ = {isa = PBXFileReference; fileEncoding = 4; lastKnownFileType = sourcecode.swift; path = Logger.swift; sourceTree = "<group>"; };
/* End PBXFileReference section */

/* Begin PBXFrameworksBuildPhase section */
		D6705D811B17AFA500A929F4 /* Frameworks */ = {
			isa = PBXFrameworksBuildPhase;
			buildActionMask = 2147483647;
			files = (
			);
			runOnlyForDeploymentPostprocessing = 0;
		};
		D6705D961B17AFA500A929F4 /* Frameworks */ = {
			isa = PBXFrameworksBuildPhase;
			buildActionMask = 2147483647;
			files = (
			);
			runOnlyForDeploymentPostprocessing = 0;
		};
/* End PBXFrameworksBuildPhase section */

/* Begin PBXGroup section */
		D6705D7B1B17AFA500A929F4 = {
			isa = PBXGroup;
			children = (
				D6705D861B17AFA500A929F4 /* TimerPeri */,
				D6705D9C1B17AFA500A929F4 /* TimerPeriTests */,
				D6705D851B17AFA500A929F4 /* Products */,
			);
			sourceTree = "<group>";
		};
		D6705D851B17AFA500A929F4 /* Products */ = {
			isa = PBXGroup;
			children = (
				D6705D841B17AFA500A929F4 /* TimerPeri.app */,
				D6705D991B17AFA500A929F4 /* TimerPeriTests.xctest */,
			);
			name = Products;
			sourceTree = "<group>";
		};
		D6705D861B17AFA500A929F4 /* TimerPeri */ = {
			isa = PBXGroup;
			children = (
				D6705DAB1B17B08100A929F4 /* Logger.swift */,
				D6705DA91B17B03400A929F4 /* BluetoothManager.swift */,
				D6705D891B17AFA500A929F4 /* AppDelegate.swift */,
				D6705D8B1B17AFA500A929F4 /* ViewController.swift */,
				D6705D8D1B17AFA500A929F4 /* Main.storyboard */,
				D6705D901B17AFA500A929F4 /* Images.xcassets */,
				D6705D921B17AFA500A929F4 /* LaunchScreen.xib */,
				D6705D871B17AFA500A929F4 /* Supporting Files */,
			);
			path = TimerPeri;
			sourceTree = "<group>";
		};
		D6705D871B17AFA500A929F4 /* Supporting Files */ = {
			isa = PBXGroup;
			children = (
				D6705D881B17AFA500A929F4 /* Info.plist */,
			);
			name = "Supporting Files";
			sourceTree = "<group>";
		};
		D6705D9C1B17AFA500A929F4 /* TimerPeriTests */ = {
			isa = PBXGroup;
			children = (
				D6705D9F1B17AFA500A929F4 /* TimerPeriTests.swift */,
				D6705D9D1B17AFA500A929F4 /* Supporting Files */,
			);
			path = TimerPeriTests;
			sourceTree = "<group>";
		};
		D6705D9D1B17AFA500A929F4 /* Supporting Files */ = {
			isa = PBXGroup;
			children = (
				D6705D9E1B17AFA500A929F4 /* Info.plist */,
			);
			name = "Supporting Files";
			sourceTree = "<group>";
		};
/* End PBXGroup section */

/* Begin PBXNativeTarget section */
		D6705D831B17AFA500A929F4 /* TimerPeri */ = {
			isa = PBXNativeTarget;
			buildConfigurationList = D6705DA31B17AFA500A929F4 /* Build configuration list for PBXNativeTarget "TimerPeri" */;
			buildPhases = (
				D6705D801B17AFA500A929F4 /* Sources */,
				D6705D811B17AFA500A929F4 /* Frameworks */,
				D6705D821B17AFA500A929F4 /* Resources */,
			);
			buildRules = (
			);
			dependencies = (
			);
			name = TimerPeri;
			productName = TimerPeri;
			productReference = D6705D841B17AFA500A929F4 /* TimerPeri.app */;
			productType = "com.apple.product-type.application";
		};
		D6705D981B17AFA500A929F4 /* TimerPeriTests */ = {
			isa = PBXNativeTarget;
			buildConfigurationList = D6705DA61B17AFA500A929F4 /* Build configuration list for PBXNativeTarget "TimerPeriTests" */;
			buildPhases = (
				D6705D951B17AFA500A929F4 /* Sources */,
				D6705D961B17AFA500A929F4 /* Frameworks */,
				D6705D971B17AFA500A929F4 /* Resources */,
			);
			buildRules = (
			);
			dependencies = (
				D6705D9B1B17AFA500A929F4 /* PBXTargetDependency */,
			);
			name = TimerPeriTests;
			productName = TimerPeriTests;
			productReference = D6705D991B17AFA500A929F4 /* TimerPeriTests.xctest */;
			productType = "com.apple.product-type.bundle.unit-test";
		};
/* End PBXNativeTarget section */

/* Begin PBXProject section */
		D6705D7C1B17AFA500A929F4 /* Project object */ = {
			isa = PBXProject;
			attributes = {
				LastUpgradeCheck = 0630;
				ORGANIZATIONNAME = Imprivata;
				TargetAttributes = {
					D6705D831B17AFA500A929F4 = {
						CreatedOnToolsVersion = 6.3.2;
						SystemCapabilities = {
							com.apple.BackgroundModes = {
								enabled = 1;
							};
						};
					};
					D6705D981B17AFA500A929F4 = {
						CreatedOnToolsVersion = 6.3.2;
						TestTargetID = D6705D831B17AFA500A929F4;
					};
				};
			};
			buildConfigurationList = D6705D7F1B17AFA500A929F4 /* Build configuration list for PBXProject "TimerPeri" */;
			compatibilityVersion = "Xcode 3.2";
			developmentRegion = English;
			hasScannedForEncodings = 0;
			knownRegions = (
				en,
				Base,
			);
			mainGroup = D6705D7B1B17AFA500A929F4;
			productRefGroup = D6705D851B17AFA500A929F4 /* Products */;
			projectDirPath = "";
			projectRoot = "";
			targets = (
				D6705D831B17AFA500A929F4 /* TimerPeri */,
				D6705D981B17AFA500A929F4 /* TimerPeriTests */,
			);
		};
/* End PBXProject section */

/* Begin PBXResourcesBuildPhase section */
		D6705D821B17AFA500A929F4 /* Resources */ = {
			isa = PBXResourcesBuildPhase;
			buildActionMask = 2147483647;
			files = (
				D6705D8F1B17AFA500A929F4 /* Main.storyboard in Resources */,
				D6705D941B17AFA500A929F4 /* LaunchScreen.xib in Resources */,
				D6705D911B17AFA500A929F4 /* Images.xcassets in Resources */,
			);
			runOnlyForDeploymentPostprocessing = 0;
		};
		D6705D971B17AFA500A929F4 /* Resources */ = {
			isa = PBXResourcesBuildPhase;
			buildActionMask = 2147483647;
			files = (
			);
			runOnlyForDeploymentPostprocessing = 0;
		};
/* End PBXResourcesBuildPhase section */

/* Begin PBXSourcesBuildPhase section */
		D6705D801B17AFA500A929F4 /* Sources */ = {
			isa = PBXSourcesBuildPhase;
			buildActionMask = 2147483647;
			files = (
				D6705D8C1B17AFA500A929F4 /* ViewController.swift in Sources */,
				D6705DAA1B17B03400A929F4 /* BluetoothManager.swift in Sources */,
				D6705D8A1B17AFA500A929F4 /* AppDelegate.swift in Sources */,
				D6705DAC1B17B08100A929F4 /* Logger.swift in Sources */,
			);
			runOnlyForDeploymentPostprocessing = 0;
		};
		D6705D951B17AFA500A929F4 /* Sources */ = {
			isa = PBXSourcesBuildPhase;
			buildActionMask = 2147483647;
			files = (
				D6705DA01B17AFA500A929F4 /* TimerPeriTests.swift in Sources */,
			);
			runOnlyForDeploymentPostprocessing = 0;
		};
/* End PBXSourcesBuildPhase section */

/* Begin PBXTargetDependency section */
		D6705D9B1B17AFA500A929F4 /* PBXTargetDependency */ = {
			isa = PBXTargetDependency;
			target = D6705D831B17AFA500A929F4 /* TimerPeri */;
			targetProxy = D6705D9A1B17AFA500A929F4 /* PBXContainerItemProxy */;
		};
/* End PBXTargetDependency section */

/* Begin PBXVariantGroup section */
		D6705D8D1B17AFA500A929F4 /* Main.storyboard */ = {
			isa = PBXVariantGroup;
			children = (
				D6705D8E1B17AFA500A929F4 /* Base */,
			);
			name = Main.storyboard;
			sourceTree = "<group>";
		};
		D6705D921B17AFA500A929F4 /* LaunchScreen.xib */ = {
			isa = PBXVariantGroup;
			children = (
				D6705D931B17AFA500A929F4 /* Base */,
			);
			name = LaunchScreen.xib;
			sourceTree = "<group>";
		};
/* End PBXVariantGroup section */

/* Begin XCBuildConfiguration section */
		D6705DA11B17AFA500A929F4 /* Debug */ = {
			isa = XCBuildConfiguration;
			buildSettings = {
				ALWAYS_SEARCH_USER_PATHS = NO;
				CLANG_CXX_LANGUAGE_STANDARD = "gnu++0x";
				CLANG_CXX_LIBRARY = "libc++";
				CLANG_ENABLE_MODULES = YES;
				CLANG_ENABLE_OBJC_ARC = YES;
				CLANG_WARN_BOOL_CONVERSION = YES;
				CLANG_WARN_CONSTANT_CONVERSION = YES;
				CLANG_WARN_DIRECT_OBJC_ISA_USAGE = YES_ERROR;
				CLANG_WARN_EMPTY_BODY = YES;
				CLANG_WARN_ENUM_CONVERSION = YES;
				CLANG_WARN_INT_CONVERSION = YES;
				CLANG_WARN_OBJC_ROOT_CLASS = YES_ERROR;
				CLANG_WARN_UNREACHABLE_CODE = YES;
				CLANG_WARN__DUPLICATE_METHOD_MATCH = YES;
				"CODE_SIGN_IDENTITY[sdk=iphoneos*]" = "iPhone Developer";
				COPY_PHASE_STRIP = NO;
				DEBUG_INFORMATION_FORMAT = "dwarf-with-dsym";
				ENABLE_STRICT_OBJC_MSGSEND = YES;
				GCC_C_LANGUAGE_STANDARD = gnu99;
				GCC_DYNAMIC_NO_PIC = NO;
				GCC_NO_COMMON_BLOCKS = YES;
				GCC_OPTIMIZATION_LEVEL = 0;
				GCC_PREPROCESSOR_DEFINITIONS = (
					"DEBUG=1",
					"$(inherited)",
				);
				GCC_SYMBOLS_PRIVATE_EXTERN = NO;
				GCC_WARN_64_TO_32_BIT_CONVERSION = YES;
				GCC_WARN_ABOUT_RETURN_TYPE = YES_ERROR;
				GCC_WARN_UNDECLARED_SELECTOR = YES;
				GCC_WARN_UNINITIALIZED_AUTOS = YES_AGGRESSIVE;
				GCC_WARN_UNUSED_FUNCTION = YES;
				GCC_WARN_UNUSED_VARIABLE = YES;
				IPHONEOS_DEPLOYMENT_TARGET = 8.3;
				MTL_ENABLE_DEBUG_INFO = YES;
				ONLY_ACTIVE_ARCH = YES;
				SDKROOT = iphoneos;
				SWIFT_OPTIMIZATION_LEVEL = "-Onone";
			};
			name = Debug;
		};
		D6705DA21B17AFA500A929F4 /* Release */ = {
			isa = XCBuildConfiguration;
			buildSettings = {
				ALWAYS_SEARCH_USER_PATHS = NO;
				CLANG_CXX_LANGUAGE_STANDARD = "gnu++0x";
				CLANG_CXX_LIBRARY = "libc++";
				CLANG_ENABLE_MODULES = YES;
				CLANG_ENABLE_OBJC_ARC = YES;
				CLANG_WARN_BOOL_CONVERSION = YES;
				CLANG_WARN_CONSTANT_CONVERSION = YES;
				CLANG_WARN_DIRECT_OBJC_ISA_USAGE = YES_ERROR;
				CLANG_WARN_EMPTY_BODY = YES;
				CLANG_WARN_ENUM_CONVERSION = YES;
				CLANG_WARN_INT_CONVERSION = YES;
				CLANG_WARN_OBJC_ROOT_CLASS = YES_ERROR;
				CLANG_WARN_UNREACHABLE_CODE = YES;
				CLANG_WARN__DUPLICATE_METHOD_MATCH = YES;
				"CODE_SIGN_IDENTITY[sdk=iphoneos*]" = "iPhone Developer";
				COPY_PHASE_STRIP = NO;
				DEBUG_INFORMATION_FORMAT = "dwarf-with-dsym";
				ENABLE_NS_ASSERTIONS = NO;
				ENABLE_STRICT_OBJC_MSGSEND = YES;
				GCC_C_LANGUAGE_STANDARD = gnu99;
				GCC_NO_COMMON_BLOCKS = YES;
				GCC_WARN_64_TO_32_BIT_CONVERSION = YES;
				GCC_WARN_ABOUT_RETURN_TYPE = YES_ERROR;
				GCC_WARN_UNDECLARED_SELECTOR = YES;
				GCC_WARN_UNINITIALIZED_AUTOS = YES_AGGRESSIVE;
				GCC_WARN_UNUSED_FUNCTION = YES;
				GCC_WARN_UNUSED_VARIABLE = YES;
				IPHONEOS_DEPLOYMENT_TARGET = 8.3;
				MTL_ENABLE_DEBUG_INFO = NO;
				SDKROOT = iphoneos;
				VALIDATE_PRODUCT = YES;
			};
			name = Release;
		};
		D6705DA41B17AFA500A929F4 /* Debug */ = {
			isa = XCBuildConfiguration;
			buildSettings = {
				ASSETCATALOG_COMPILER_APPICON_NAME = AppIcon;
				INFOPLIST_FILE = TimerPeri/Info.plist;
				LD_RUNPATH_SEARCH_PATHS = "$(inherited) @executable_path/Frameworks";
				PRODUCT_NAME = "$(TARGET_NAME)";
			};
			name = Debug;
		};
		D6705DA51B17AFA500A929F4 /* Release */ = {
			isa = XCBuildConfiguration;
			buildSettings = {
				ASSETCATALOG_COMPILER_APPICON_NAME = AppIcon;
				INFOPLIST_FILE = TimerPeri/Info.plist;
				LD_RUNPATH_SEARCH_PATHS = "$(inherited) @executable_path/Frameworks";
				PRODUCT_NAME = "$(TARGET_NAME)";
			};
			name = Release;
		};
		D6705DA71B17AFA500A929F4 /* Debug */ = {
			isa = XCBuildConfiguration;
			buildSettings = {
				BUNDLE_LOADER = "$(TEST_HOST)";
				FRAMEWORK_SEARCH_PATHS = (
					"$(SDKROOT)/Developer/Library/Frameworks",
					"$(inherited)",
				);
				GCC_PREPROCESSOR_DEFINITIONS = (
					"DEBUG=1",
					"$(inherited)",
				);
				INFOPLIST_FILE = TimerPeriTests/Info.plist;
				LD_RUNPATH_SEARCH_PATHS = "$(inherited) @executable_path/Frameworks @loader_path/Frameworks";
				PRODUCT_NAME = "$(TARGET_NAME)";
				TEST_HOST = "$(BUILT_PRODUCTS_DIR)/TimerPeri.app/TimerPeri";
			};
			name = Debug;
		};
		D6705DA81B17AFA500A929F4 /* Release */ = {
			isa = XCBuildConfiguration;
			buildSettings = {
				BUNDLE_LOADER = "$(TEST_HOST)";
				FRAMEWORK_SEARCH_PATHS = (
					"$(SDKROOT)/Developer/Library/Frameworks",
					"$(inherited)",
				);
				INFOPLIST_FILE = TimerPeriTests/Info.plist;
				LD_RUNPATH_SEARCH_PATHS = "$(inherited) @executable_path/Frameworks @loader_path/Frameworks";
				PRODUCT_NAME = "$(TARGET_NAME)";
				TEST_HOST = "$(BUILT_PRODUCTS_DIR)/TimerPeri.app/TimerPeri";
			};
			name = Release;
		};
/* End XCBuildConfiguration section */

/* Begin XCConfigurationList section */
		D6705D7F1B17AFA500A929F4 /* Build configuration list for PBXProject "TimerPeri" */ = {
			isa = XCConfigurationList;
			buildConfigurations = (
				D6705DA11B17AFA500A929F4 /* Debug */,
				D6705DA21B17AFA500A929F4 /* Release */,
			);
			defaultConfigurationIsVisible = 0;
			defaultConfigurationName = Release;
		};
		D6705DA31B17AFA500A929F4 /* Build configuration list for PBXNativeTarget "TimerPeri" */ = {
			isa = XCConfigurationList;
			buildConfigurations = (
				D6705DA41B17AFA500A929F4 /* Debug */,
				D6705DA51B17AFA500A929F4 /* Release */,
			);
			defaultConfigurationIsVisible = 0;
		};
		D6705DA61B17AFA500A929F4 /* Build configuration list for PBXNativeTarget "TimerPeriTests" */ = {
			isa = XCConfigurationList;
			buildConfigurations = (
				D6705DA71B17AFA500A929F4 /* Debug */,
				D6705DA81B17AFA500A929F4 /* Release */,
			);
			defaultConfigurationIsVisible = 0;
		};
/* End XCConfigurationList section */
	};
	rootObject = D6705D7C1B17AFA500A929F4 /* Project object */;
}
